schema: '2.0'
stages:
  ingest:
    cmd: python src/ingestion/fetch_data.py
    deps:
    - path: src/ingestion/fetch_data.py
      hash: md5
      md5: 2e869fa34d61c866999c08a0f937bfbe
      size: 2660
    outs:
    - path: data/raw/egfr_compounds.csv
      hash: md5
      md5: d155d6e1008946429d20ef6bb329c852
      size: 51274
  curate:
    cmd: python src/processing/curation.py
    deps:
    - path: data/raw/egfr_compounds.csv
      hash: md5
      md5: d155d6e1008946429d20ef6bb329c852
      size: 51274
    - path: src/processing/curation.py
      hash: md5
      md5: e304508d052a7759bcf186f60a1e47e0
      size: 1982
    outs:
    - path: data/processed/egfr_curated.csv
      hash: md5
      md5: 132d8bc11b830799f49899e6d9953064
      size: 6218
  eda:
    cmd: python src/processing/eda.py
    deps:
    - path: data/processed/egfr_curated.csv
      hash: md5
      md5: 132d8bc11b830799f49899e6d9953064
      size: 6218
    - path: src/processing/eda.py
      hash: md5
      md5: d139d8d6889a1a3e4d8af3994a2ee832
      size: 1945
    outs:
    - path: data/processed/egfr_with_features.csv
      hash: md5
      md5: 769308ecf68ec0091ada6170ffc77ea0
      size: 9767
    - path: reports/figures/eda_results.png
      hash: md5
      md5: 7a1485d4532a2677b3c7a40503d4a0e7
      size: 73000
  graph_build:
    cmd: python src/processing/graph_construction.py
    deps:
    - path: data/processed/egfr_with_features.csv
      hash: md5
      md5: 769308ecf68ec0091ada6170ffc77ea0
      size: 9767
    - path: src/processing/graph_construction.py
      hash: md5
      md5: 919ae910b58e859aaf5c39884dd188bd
      size: 2465
    outs:
    - path: data/processed/graphs_dataset.pt
      hash: md5
      md5: 6f766a9b01492e5f67480f601c65154d
      size: 277544
  train:
    cmd: python src/models/train.py
    deps:
    - path: data/processed/graphs_dataset.pt
      hash: md5
      md5: 6f766a9b01492e5f67480f601c65154d
      size: 277544
    - path: models/best_params.json
      hash: md5
      md5: af1195024aeb4b6893a9f029a609745f
      size: 143
    - path: src/models/gnn_model.py
      hash: md5
      md5: e7fe56dd26ea2ff5f8e7cbc76d6863b0
      size: 698
    - path: src/models/train.py
      hash: md5
      md5: a536c37d07933f321995e797676cf4bc
      size: 2645
    outs:
    - path: models/gnn_v1.pth
      hash: md5
      md5: 7260b52e27ef440697b604f650a640ea
      size: 4809
  optimize:
    cmd: python src/models/optimize.py
    deps:
    - path: data/processed/graphs_dataset.pt
      hash: md5
      md5: 6f766a9b01492e5f67480f601c65154d
      size: 277544
    - path: src/models/gnn_model.py
      hash: md5
      md5: e7fe56dd26ea2ff5f8e7cbc76d6863b0
      size: 698
    - path: src/models/optimize.py
      hash: md5
      md5: 1d36262178630c4631fb8a6d17cf653f
      size: 2722
    outs:
    - path: models/best_params.json
      hash: md5
      md5: af1195024aeb4b6893a9f029a609745f
      size: 143
  evaluate:
    cmd: python src/models/evaluate.py
    deps:
    - path: data/processed/graphs_dataset.pt
      hash: md5
      md5: 6f766a9b01492e5f67480f601c65154d
      size: 277544
    - path: models/best_params.json
      hash: md5
      md5: af1195024aeb4b6893a9f029a609745f
      size: 143
    - path: models/gnn_v1.pth
      hash: md5
      md5: 7260b52e27ef440697b604f650a640ea
      size: 4809
    - path: src/models/evaluate.py
      hash: md5
      md5: 34d8a142c23c7006b5ff897e54753e6f
      size: 2171
    outs:
    - path: reports/figures/evaluation_plot.png
      hash: md5
      md5: a860c752373adf71b0d0be9e31097732
      size: 27106
  explain:
    cmd: python src/models/explain.py
    deps:
    - path: data/processed/graphs_dataset.pt
      hash: md5
      md5: 6f766a9b01492e5f67480f601c65154d
      size: 277544
    - path: models/gnn_v1.pth
      hash: md5
      md5: 7260b52e27ef440697b604f650a640ea
      size: 4809
    - path: src/models/evaluate.py
      hash: md5
      md5: 34d8a142c23c7006b5ff897e54753e6f
      size: 2171
  visualize:
    cmd: python src/models/visualize_explain.py
    deps:
    - path: data/processed/graphs_dataset.pt
      hash: md5
      md5: 6f766a9b01492e5f67480f601c65154d
      size: 277544
    - path: models/gnn_v1.pth
      hash: md5
      md5: 7260b52e27ef440697b604f650a640ea
      size: 4809
    - path: src/models/visualize_explain.py
      hash: md5
      md5: 5a583b6ab9db652c21ceca7952f1a28c
      size: 3383
    outs:
    - path: reports/figures/molecule_explanation.png
      hash: md5
      md5: 7d6b80f8e4baa6948a51d338317d0845
      size: 172673
